
Microsoft Visual Studio Solution File, Format Version 12.00
# Visual Studio Version 17
VisualStudioVersion = 17.5.33414.496
MinimumVisualStudioVersion = 10.0.40219.1
Project("{FAE04EC0-301F-11D3-BF4B-00C04F79EFBC}") = "ConsoleApp", "ConsoleApp.csproj", "{9E550317-FE92-4A67-A72C-A08E5A0F03DE}"
EndProject
Global
	GlobalSection(SolutionConfigurationPlatforms) = preSolution
		Debug|Any CPU = Debug|Any CPU
		Release|Any CPU = Release|Any CPU
	EndGlobalSection
	GlobalSection(ProjectConfigurationPlatforms) = postSolution
		{9E550317-FE92-4A67-A72C-A08E5A0F03DE}.Debug|Any CPU.ActiveCfg = Debug|Any CPU
		{9E550317-FE92-4A67-A72C-A08E5A0F03DE}.Debug|Any CPU.Build.0 = Debug|Any CPU
		{9E550317-FE92-4A67-A72C-A08E5A0F03DE}.Release|Any CPU.ActiveCfg = Release|Any CPU
		{9E550317-FE92-4A67-A72C-A08E5A0F03DE}.Release|Any CPU.Build.0 = Release|Any CPU
	EndGlobalSection
	GlobalSection(SolutionProperties) = preSolution
		HideSolutionNode = FALSE
	EndGlobalSection
	GlobalSection(ExtensibilityGlobals) = postSolution
		SolutionGuid = {AE01850B-B4FE-421B-B70F-7442CB22D71D}
	EndGlobalSection
EndGlobal
