
Microsoft Visual Studio Solution File, Format Version 12.00
# Visual Studio Version 17
VisualStudioVersion = 17.4.33205.214
MinimumVisualStudioVersion = 10.0.40219.1
Project("{FAE04EC0-301F-11D3-BF4B-00C04F79EFBC}") = "ExperimentWithControls", "ExperimentWithControls.csproj", "{6C41E96E-5433-45A3-AD21-E5CEEEA6AB90}"
EndProject
Global
	GlobalSection(SolutionConfigurationPlatforms) = preSolution
		Debug|Any CPU = Debug|Any CPU
		Release|Any CPU = Release|Any CPU
	EndGlobalSection
	GlobalSection(ProjectConfigurationPlatforms) = postSolution
		{6C41E96E-5433-45A3-AD21-E5CEEEA6AB90}.Debug|Any CPU.ActiveCfg = Debug|Any CPU
		{6C41E96E-5433-45A3-AD21-E5CEEEA6AB90}.Debug|Any CPU.Build.0 = Debug|Any CPU
		{6C41E96E-5433-45A3-AD21-E5CEEEA6AB90}.Release|Any CPU.ActiveCfg = Release|Any CPU
		{6C41E96E-5433-45A3-AD21-E5CEEEA6AB90}.Release|Any CPU.Build.0 = Release|Any CPU
	EndGlobalSection
	GlobalSection(SolutionProperties) = preSolution
		HideSolutionNode = FALSE
	EndGlobalSection
	GlobalSection(ExtensibilityGlobals) = postSolution
		SolutionGuid = {7A49D56E-06C2-4D29-ACCE-59762647DF8E}
	EndGlobalSection
EndGlobal
