
Microsoft Visual Studio Solution File, Format Version 12.00
# Visual Studio Version 17
VisualStudioVersion = 17.4.33213.308
MinimumVisualStudioVersion = 10.0.40219.1
Project("{FAE04EC0-301F-11D3-BF4B-00C04F79EFBC}") = "SwordApp", "SwordApp.csproj", "{A78D7DB3-F853-4288-9AD6-4AFA8302738B}"
EndProject
Global
	GlobalSection(SolutionConfigurationPlatforms) = preSolution
		Debug|Any CPU = Debug|Any CPU
		Release|Any CPU = Release|Any CPU
	EndGlobalSection
	GlobalSection(ProjectConfigurationPlatforms) = postSolution
		{A78D7DB3-F853-4288-9AD6-4AFA8302738B}.Debug|Any CPU.ActiveCfg = Debug|Any CPU
		{A78D7DB3-F853-4288-9AD6-4AFA8302738B}.Debug|Any CPU.Build.0 = Debug|Any CPU
		{A78D7DB3-F853-4288-9AD6-4AFA8302738B}.Release|Any CPU.ActiveCfg = Release|Any CPU
		{A78D7DB3-F853-4288-9AD6-4AFA8302738B}.Release|Any CPU.Build.0 = Release|Any CPU
	EndGlobalSection
	GlobalSection(SolutionProperties) = preSolution
		HideSolutionNode = FALSE
	EndGlobalSection
	GlobalSection(ExtensibilityGlobals) = postSolution
		SolutionGuid = {FDE4CD45-2C59-40C2-803B-7ED272EA5E90}
	EndGlobalSection
EndGlobal
