
Microsoft Visual Studio Solution File, Format Version 12.00
# Visual Studio Version 17
VisualStudioVersion = 17.4.33213.308
MinimumVisualStudioVersion = 10.0.40219.1
Project("{FAE04EC0-301F-11D3-BF4B-00C04F79EFBC}") = "VendingApp", "VendingApp.csproj", "{135A1D94-38D6-4EEF-ADC1-4C86E95A80FD}"
EndProject
Global
	GlobalSection(SolutionConfigurationPlatforms) = preSolution
		Debug|Any CPU = Debug|Any CPU
		Release|Any CPU = Release|Any CPU
	EndGlobalSection
	GlobalSection(ProjectConfigurationPlatforms) = postSolution
		{135A1D94-38D6-4EEF-ADC1-4C86E95A80FD}.Debug|Any CPU.ActiveCfg = Debug|Any CPU
		{135A1D94-38D6-4EEF-ADC1-4C86E95A80FD}.Debug|Any CPU.Build.0 = Debug|Any CPU
		{135A1D94-38D6-4EEF-ADC1-4C86E95A80FD}.Release|Any CPU.ActiveCfg = Release|Any CPU
		{135A1D94-38D6-4EEF-ADC1-4C86E95A80FD}.Release|Any CPU.Build.0 = Release|Any CPU
	EndGlobalSection
	GlobalSection(SolutionProperties) = preSolution
		HideSolutionNode = FALSE
	EndGlobalSection
	GlobalSection(ExtensibilityGlobals) = postSolution
		SolutionGuid = {A734EE19-2C5C-4F6B-99BC-D1DA81724BA9}
	EndGlobalSection
EndGlobal
