
Microsoft Visual Studio Solution File, Format Version 12.00
# Visual Studio Version 17
VisualStudioVersion = 17.4.33213.308
MinimumVisualStudioVersion = 10.0.40219.1
Project("{FAE04EC0-301F-11D3-BF4B-00C04F79EFBC}") = "WanderingVars", "WanderingVars.csproj", "{7AFC57B9-9C0F-4272-A3D6-3594A4F99BB5}"
EndProject
Global
	GlobalSection(SolutionConfigurationPlatforms) = preSolution
		Debug|Any CPU = Debug|Any CPU
		Release|Any CPU = Release|Any CPU
	EndGlobalSection
	GlobalSection(ProjectConfigurationPlatforms) = postSolution
		{7AFC57B9-9C0F-4272-A3D6-3594A4F99BB5}.Debug|Any CPU.ActiveCfg = Debug|Any CPU
		{7AFC57B9-9C0F-4272-A3D6-3594A4F99BB5}.Debug|Any CPU.Build.0 = Debug|Any CPU
		{7AFC57B9-9C0F-4272-A3D6-3594A4F99BB5}.Release|Any CPU.ActiveCfg = Release|Any CPU
		{7AFC57B9-9C0F-4272-A3D6-3594A4F99BB5}.Release|Any CPU.Build.0 = Release|Any CPU
	EndGlobalSection
	GlobalSection(SolutionProperties) = preSolution
		HideSolutionNode = FALSE
	EndGlobalSection
	GlobalSection(ExtensibilityGlobals) = postSolution
		SolutionGuid = {ECF10124-E9E6-45E0-8C98-3DA9576E304C}
	EndGlobalSection
EndGlobal
