
Microsoft Visual Studio Solution File, Format Version 12.00
# Visual Studio Version 17
VisualStudioVersion = 17.4.33213.308
MinimumVisualStudioVersion = 10.0.40219.1
Project("{FAE04EC0-301F-11D3-BF4B-00C04F79EFBC}") = "SwimApp", "SwimApp.csproj", "{87992435-B9E5-4218-8522-E723C3A39E32}"
EndProject
Global
	GlobalSection(SolutionConfigurationPlatforms) = preSolution
		Debug|Any CPU = Debug|Any CPU
		Release|Any CPU = Release|Any CPU
	EndGlobalSection
	GlobalSection(ProjectConfigurationPlatforms) = postSolution
		{87992435-B9E5-4218-8522-E723C3A39E32}.Debug|Any CPU.ActiveCfg = Debug|Any CPU
		{87992435-B9E5-4218-8522-E723C3A39E32}.Debug|Any CPU.Build.0 = Debug|Any CPU
		{87992435-B9E5-4218-8522-E723C3A39E32}.Release|Any CPU.ActiveCfg = Release|Any CPU
		{87992435-B9E5-4218-8522-E723C3A39E32}.Release|Any CPU.Build.0 = Release|Any CPU
	EndGlobalSection
	GlobalSection(SolutionProperties) = preSolution
		HideSolutionNode = FALSE
	EndGlobalSection
	GlobalSection(ExtensibilityGlobals) = postSolution
		SolutionGuid = {FF1ADA21-C83F-4946-A3E9-E7AFA13D1EB7}
	EndGlobalSection
EndGlobal
