
Microsoft Visual Studio Solution File, Format Version 12.00
# Visual Studio Version 17
VisualStudioVersion = 17.4.33213.308
MinimumVisualStudioVersion = 10.0.40219.1
Project("{FAE04EC0-301F-11D3-BF4B-00C04F79EFBC}") = "PickRandomCards", "PickRandomCards.csproj", "{6B60DC31-2349-48EA-B38E-0FEA6A169053}"
EndProject
Global
	GlobalSection(SolutionConfigurationPlatforms) = preSolution
		Debug|Any CPU = Debug|Any CPU
		Release|Any CPU = Release|Any CPU
	EndGlobalSection
	GlobalSection(ProjectConfigurationPlatforms) = postSolution
		{6B60DC31-2349-48EA-B38E-0FEA6A169053}.Debug|Any CPU.ActiveCfg = Debug|Any CPU
		{6B60DC31-2349-48EA-B38E-0FEA6A169053}.Debug|Any CPU.Build.0 = Debug|Any CPU
		{6B60DC31-2349-48EA-B38E-0FEA6A169053}.Release|Any CPU.ActiveCfg = Release|Any CPU
		{6B60DC31-2349-48EA-B38E-0FEA6A169053}.Release|Any CPU.Build.0 = Release|Any CPU
	EndGlobalSection
	GlobalSection(SolutionProperties) = preSolution
		HideSolutionNode = FALSE
	EndGlobalSection
	GlobalSection(ExtensibilityGlobals) = postSolution
		SolutionGuid = {D965A784-B098-4B60-B588-7E8F94DF657B}
	EndGlobalSection
EndGlobal
