
Microsoft Visual Studio Solution File, Format Version 12.00
# Visual Studio Version 17
VisualStudioVersion = 17.4.33213.308
MinimumVisualStudioVersion = 10.0.40219.1
Project("{FAE04EC0-301F-11D3-BF4B-00C04F79EFBC}") = "Clown", "Clown.csproj", "{CCDC56EA-A08C-408F-9F1F-2B594BF19AE6}"
EndProject
Global
	GlobalSection(SolutionConfigurationPlatforms) = preSolution
		Debug|Any CPU = Debug|Any CPU
		Release|Any CPU = Release|Any CPU
	EndGlobalSection
	GlobalSection(ProjectConfigurationPlatforms) = postSolution
		{CCDC56EA-A08C-408F-9F1F-2B594BF19AE6}.Debug|Any CPU.ActiveCfg = Debug|Any CPU
		{CCDC56EA-A08C-408F-9F1F-2B594BF19AE6}.Debug|Any CPU.Build.0 = Debug|Any CPU
		{CCDC56EA-A08C-408F-9F1F-2B594BF19AE6}.Release|Any CPU.ActiveCfg = Release|Any CPU
		{CCDC56EA-A08C-408F-9F1F-2B594BF19AE6}.Release|Any CPU.Build.0 = Release|Any CPU
	EndGlobalSection
	GlobalSection(SolutionProperties) = preSolution
		HideSolutionNode = FALSE
	EndGlobalSection
	GlobalSection(ExtensibilityGlobals) = postSolution
		SolutionGuid = {960B8CDF-4973-4F37-8BE7-43F713A2D5EE}
	EndGlobalSection
EndGlobal
