
Microsoft Visual Studio Solution File, Format Version 12.00
# Visual Studio Version 17
VisualStudioVersion = 17.4.33213.308
MinimumVisualStudioVersion = 10.0.40219.1
Project("{FAE04EC0-301F-11D3-BF4B-00C04F79EFBC}") = "AppType", "AppType.csproj", "{19BC349C-2066-4695-B24B-17289DFC3EE9}"
EndProject
Global
	GlobalSection(SolutionConfigurationPlatforms) = preSolution
		Debug|Any CPU = Debug|Any CPU
		Release|Any CPU = Release|Any CPU
	EndGlobalSection
	GlobalSection(ProjectConfigurationPlatforms) = postSolution
		{19BC349C-2066-4695-B24B-17289DFC3EE9}.Debug|Any CPU.ActiveCfg = Debug|Any CPU
		{19BC349C-2066-4695-B24B-17289DFC3EE9}.Debug|Any CPU.Build.0 = Debug|Any CPU
		{19BC349C-2066-4695-B24B-17289DFC3EE9}.Release|Any CPU.ActiveCfg = Release|Any CPU
		{19BC349C-2066-4695-B24B-17289DFC3EE9}.Release|Any CPU.Build.0 = Release|Any CPU
	EndGlobalSection
	GlobalSection(SolutionProperties) = preSolution
		HideSolutionNode = FALSE
	EndGlobalSection
	GlobalSection(ExtensibilityGlobals) = postSolution
		SolutionGuid = {D6B96194-E103-4A8C-AD90-E9BD11319B8A}
	EndGlobalSection
EndGlobal
